
Microsoft Visual Studio Solution File, Format Version 12.00
# Visual Studio Version 16
VisualStudioVersion = 16.0.34114.132
MinimumVisualStudioVersion = 10.0.40219.1
Project("{2150E333-8FDC-42A3-9474-1A3956D46DE8}") = "TaskReview", "TaskReview", "{26EC121C-40B9-4825-BBB6-6A264F68E7E1}"
EndProject
Project("{FAE04EC0-301F-11D3-BF4B-00C04F79EFBC}") = "Tyuiu.LoginovMV.Sprint2.TaskReview.V15", "Tyuiu.LoginovMV.Sprint2.TaskReview.V15\Tyuiu.LoginovMV.Sprint2.TaskReview.V15.csproj", "{3116F60B-DBEA-4413-8E8E-1F411ECB252A}"
EndProject
Project("{FAE04EC0-301F-11D3-BF4B-00C04F79EFBC}") = "Tyuiu.LoginovMV.Sprint2.TaskReview.V.Lib", "Tyuiu.LoginovMV.Sprint2.TaskReview.V.Lib\Tyuiu.LoginovMV.Sprint2.TaskReview.V.Lib.csproj", "{7EE2641C-603F-47C8-B650-9E4BA925B15F}"
EndProject
Project("{FAE04EC0-301F-11D3-BF4B-00C04F79EFBC}") = "Tyuiu.LoginovMV.Sprint2.TaskReview.V15.Test", "Tyuiu.LoginovMV.Sprint2.TaskReview.V15.Test\Tyuiu.LoginovMV.Sprint2.TaskReview.V15.Test.csproj", "{98E75230-E38B-4327-B410-6E4EEDC84F3F}"
EndProject
Global
	GlobalSection(SolutionConfigurationPlatforms) = preSolution
		Debug|Any CPU = Debug|Any CPU
		Release|Any CPU = Release|Any CPU
	EndGlobalSection
	GlobalSection(ProjectConfigurationPlatforms) = postSolution
		{3116F60B-DBEA-4413-8E8E-1F411ECB252A}.Debug|Any CPU.ActiveCfg = Debug|Any CPU
		{3116F60B-DBEA-4413-8E8E-1F411ECB252A}.Debug|Any CPU.Build.0 = Debug|Any CPU
		{3116F60B-DBEA-4413-8E8E-1F411ECB252A}.Release|Any CPU.ActiveCfg = Release|Any CPU
		{3116F60B-DBEA-4413-8E8E-1F411ECB252A}.Release|Any CPU.Build.0 = Release|Any CPU
		{7EE2641C-603F-47C8-B650-9E4BA925B15F}.Debug|Any CPU.ActiveCfg = Debug|Any CPU
		{7EE2641C-603F-47C8-B650-9E4BA925B15F}.Debug|Any CPU.Build.0 = Debug|Any CPU
		{7EE2641C-603F-47C8-B650-9E4BA925B15F}.Release|Any CPU.ActiveCfg = Release|Any CPU
		{7EE2641C-603F-47C8-B650-9E4BA925B15F}.Release|Any CPU.Build.0 = Release|Any CPU
		{98E75230-E38B-4327-B410-6E4EEDC84F3F}.Debug|Any CPU.ActiveCfg = Debug|Any CPU
		{98E75230-E38B-4327-B410-6E4EEDC84F3F}.Debug|Any CPU.Build.0 = Debug|Any CPU
		{98E75230-E38B-4327-B410-6E4EEDC84F3F}.Release|Any CPU.ActiveCfg = Release|Any CPU
		{98E75230-E38B-4327-B410-6E4EEDC84F3F}.Release|Any CPU.Build.0 = Release|Any CPU
	EndGlobalSection
	GlobalSection(SolutionProperties) = preSolution
		HideSolutionNode = FALSE
	EndGlobalSection
	GlobalSection(NestedProjects) = preSolution
		{3116F60B-DBEA-4413-8E8E-1F411ECB252A} = {26EC121C-40B9-4825-BBB6-6A264F68E7E1}
		{7EE2641C-603F-47C8-B650-9E4BA925B15F} = {26EC121C-40B9-4825-BBB6-6A264F68E7E1}
		{98E75230-E38B-4327-B410-6E4EEDC84F3F} = {26EC121C-40B9-4825-BBB6-6A264F68E7E1}
	EndGlobalSection
	GlobalSection(ExtensibilityGlobals) = postSolution
		SolutionGuid = {259149B5-35B1-463B-BFAA-03B57EE4D064}
	EndGlobalSection
EndGlobal
